PODS:
  - Flutter (1.0.0)
  - flutter_tencentad (0.0.1):
    - Flutter
    - GDTMobSDK (= 4.15.65)
  - GDTMobSDK (4.15.65)

DEPENDENCIES:
  - Flutter (from `Flutter`)
  - flutter_tencentad (from `.symlinks/plugins/flutter_tencentad/ios`)

SPEC REPOS:
  trunk:
    - GDTMobSDK

EXTERNAL SOURCES:
  Flutter:
    :path: Flutter
  flutter_tencentad:
    :path: ".symlinks/plugins/flutter_tencentad/ios"

SPEC CHECKSUMS:
  Flutter: cabc95a1d2626b1b06e7179b784ebcf0c0cde467
  flutter_tencentad: 7d71bb35e53c98faa46c9f59f4261dad4968ad82
  GDTMobSDK: f3aefaaca7a7393300a7b4f667d361250ac764b4

PODFILE CHECKSUM: 07c1311da4bb2861bade8c388c2b7b055a5bdf50

COCOAPODS: 1.16.2
